// !$*UTF8*$!
{
	archiveVersion = 1;
	classes = {
	};
	objectVersion = 50;
	objects = {

/* Begin PBXBuildFile section */
		CE01684425E7F9B0002DA533 /* Infos.swift in Sources */ = {isa = PBXBuildFile; fileRef = CE01684325E7F9B0002DA533 /* Infos.swift */; };
		CE01684925E7F9D7002DA533 /* Contacts.swift in Sources */ = {isa = PBXBuildFile; fileRef = CE01684825E7F9D7002DA533 /* Contacts.swift */; };
		CE01684E25E920DB002DA533 /* Token.swift in Sources */ = {isa = PBXBuildFile; fileRef = CE01684D25E920DB002DA533 /* Token.swift */; };
		CE01686225E96207002DA533 /* UITestCase.swift in Sources */ = {isa = PBXBuildFile; fileRef = CE01686125E96207002DA533 /* UITestCase.swift */; };
		CE01686A25E96222002DA533 /* StartupConfigurable.swift in Sources */ = {isa = PBXBuildFile; fileRef = CE01686925E96222002DA533 /* StartupConfigurable.swift */; };
		CE01686F25E9623A002DA533 /* AppStarting.swift in Sources */ = {isa = PBXBuildFile; fileRef = CE01686E25E9623A002DA533 /* AppStarting.swift */; };
		CE01687525E96505002DA533 /* RootViewStarting.swift in Sources */ = {isa = PBXBuildFile; fileRef = CE01687425E96505002DA533 /* RootViewStarting.swift */; };
		CE01687D25E9659C002DA533 /* HomeScreenVerifying.swift in Sources */ = {isa = PBXBuildFile; fileRef = CE01687C25E9659C002DA533 /* HomeScreenVerifying.swift */; };
		CE01688225E965F7002DA533 /* HomeViewControllerUITest.swift in Sources */ = {isa = PBXBuildFile; fileRef = CE01688125E965F7002DA533 /* HomeViewControllerUITest.swift */; };
		CE01688A25E96BDF002DA533 /* ProfessionalDetailsViewController.swift in Sources */ = {isa = PBXBuildFile; fileRef = CE01688925E96BDF002DA533 /* ProfessionalDetailsViewController.swift */; };
		CE01688F25E99226002DA533 /* ProfessionalDetailsViewModel.swift in Sources */ = {isa = PBXBuildFile; fileRef = CE01688E25E99226002DA533 /* ProfessionalDetailsViewModel.swift */; };
		CE01689425E9A7D9002DA533 /* ProfessionalsViewControllerTests.swift in Sources */ = {isa = PBXBuildFile; fileRef = CE01689325E9A7D9002DA533 /* ProfessionalsViewControllerTests.swift */; };
		CE01689925E9A87B002DA533 /* FavoritesViewController.swift in Sources */ = {isa = PBXBuildFile; fileRef = CE01689825E9A87B002DA533 /* FavoritesViewController.swift */; };
		CE01689F25E9AB58002DA533 /* FavoriteTableViewCell.swift in Sources */ = {isa = PBXBuildFile; fileRef = CE01689D25E9AB58002DA533 /* FavoriteTableViewCell.swift */; };
		CE0168A025E9AB58002DA533 /* FavoriteTableViewCell.xib in Resources */ = {isa = PBXBuildFile; fileRef = CE01689E25E9AB58002DA533 /* FavoriteTableViewCell.xib */; };
		CE0168A525E9AEB3002DA533 /* FavoriteViewCellModel.swift in Sources */ = {isa = PBXBuildFile; fileRef = CE0168A425E9AEB3002DA533 /* FavoriteViewCellModel.swift */; };
		CE0168AA25E9AF3D002DA533 /* FavoritesViewModel.swift in Sources */ = {isa = PBXBuildFile; fileRef = CE0168A925E9AF3D002DA533 /* FavoritesViewModel.swift */; };
		CE0168AF25EC4302002DA533 /* HomeViewInteracting.swift in Sources */ = {isa = PBXBuildFile; fileRef = CE0168AE25EC4302002DA533 /* HomeViewInteracting.swift */; };
		CE0168B425EC456B002DA533 /* FavoritesViewStarting.swift in Sources */ = {isa = PBXBuildFile; fileRef = CE0168B325EC456B002DA533 /* FavoritesViewStarting.swift */; };
		CE0168B925EC45F2002DA533 /* FavoritesScreenVerifying.swift in Sources */ = {isa = PBXBuildFile; fileRef = CE0168B825EC45F2002DA533 /* FavoritesScreenVerifying.swift */; };
		CE0168BE25EC4E19002DA533 /* SearchViewStarting.swift in Sources */ = {isa = PBXBuildFile; fileRef = CE0168BD25EC4E19002DA533 /* SearchViewStarting.swift */; };
		CE0168C325EC4F29002DA533 /* SearchScreenVerifying.swift in Sources */ = {isa = PBXBuildFile; fileRef = CE0168C225EC4F29002DA533 /* SearchScreenVerifying.swift */; };
		CE0168C825EC50D6002DA533 /* SearchViewControllerUITests.swift in Sources */ = {isa = PBXBuildFile; fileRef = CE0168C725EC50D6002DA533 /* SearchViewControllerUITests.swift */; };
		CE0168CD25EC5E59002DA533 /* SearchViewInteracting.swift in Sources */ = {isa = PBXBuildFile; fileRef = CE0168CC25EC5E59002DA533 /* SearchViewInteracting.swift */; };
		CE0168D225EC5EE8002DA533 /* DetailsViewStarting.swift in Sources */ = {isa = PBXBuildFile; fileRef = CE0168D125EC5EE8002DA533 /* DetailsViewStarting.swift */; };
		CE0168D725EC5F91002DA533 /* DetailsScreenVerifying.swift in Sources */ = {isa = PBXBuildFile; fileRef = CE0168D625EC5F91002DA533 /* DetailsScreenVerifying.swift */; };
		CE0168DC25EC60AC002DA533 /* DetailsViewControllerUITests.swift in Sources */ = {isa = PBXBuildFile; fileRef = CE0168DB25EC60AC002DA533 /* DetailsViewControllerUITests.swift */; };
		CE79EE7225E513D500E42BDC /* AppDelegate.swift in Sources */ = {isa = PBXBuildFile; fileRef = CE79EE7125E513D500E42BDC /* AppDelegate.swift */; };
		CE79EE7925E513D500E42BDC /* Main.storyboard in Resources */ = {isa = PBXBuildFile; fileRef = CE79EE7725E513D500E42BDC /* Main.storyboard */; };
		CE79EE7B25E513D800E42BDC /* Assets.xcassets in Resources */ = {isa = PBXBuildFile; fileRef = CE79EE7A25E513D800E42BDC /* Assets.xcassets */; };
		CE79EE7E25E513D800E42BDC /* LaunchScreen.storyboard in Resources */ = {isa = PBXBuildFile; fileRef = CE79EE7C25E513D800E42BDC /* LaunchScreen.storyboard */; };
		CE79EEBC25E6B13600E42BDC /* Response.swift in Sources */ = {isa = PBXBuildFile; fileRef = CE79EEBB25E6B13600E42BDC /* Response.swift */; };
		CE79EEC425E6B18500E42BDC /* EndpointType.swift in Sources */ = {isa = PBXBuildFile; fileRef = CE79EEC325E6B18500E42BDC /* EndpointType.swift */; };
		CE79EEC925E6B1A300E42BDC /* Networking.swift in Sources */ = {isa = PBXBuildFile; fileRef = CE79EEC825E6B1A300E42BDC /* Networking.swift */; };
		CE79EECE25E6B1D600E42BDC /* AppAPI.swift in Sources */ = {isa = PBXBuildFile; fileRef = CE79EECD25E6B1D600E42BDC /* AppAPI.swift */; };
		CE79EED325E6B44600E42BDC /* NavigationViewController.swift in Sources */ = {isa = PBXBuildFile; fileRef = CE79EED225E6B44600E42BDC /* NavigationViewController.swift */; };
		CE79EED825E6C45600E42BDC /* HomeViewController.swift in Sources */ = {isa = PBXBuildFile; fileRef = CE79EED725E6C45500E42BDC /* HomeViewController.swift */; };
		CE79EEE325E6CD1F00E42BDC /* NetworkLayerTests.swift in Sources */ = {isa = PBXBuildFile; fileRef = CE79EEE225E6CD1F00E42BDC /* NetworkLayerTests.swift */; };
		CE79EEE825E7C38D00E42BDC /* ProfessionalsViewController.swift in Sources */ = {isa = PBXBuildFile; fileRef = CE79EEE725E7C38D00E42BDC /* ProfessionalsViewController.swift */; };
		CE79EEED25E7C4A100E42BDC /* ProfessionalsTableViewModel.swift in Sources */ = {isa = PBXBuildFile; fileRef = CE79EEEC25E7C4A100E42BDC /* ProfessionalsTableViewModel.swift */; };
		CE79EEF225E7C4EA00E42BDC /* Professional.swift in Sources */ = {isa = PBXBuildFile; fileRef = CE79EEF125E7C4EA00E42BDC /* Professional.swift */; };
		CE79EEF725E7C52B00E42BDC /* ProfessionalTableViewCell.xib in Resources */ = {isa = PBXBuildFile; fileRef = CE79EEF625E7C52B00E42BDC /* ProfessionalTableViewCell.xib */; };
		CE79EEFC25E7C8D800E42BDC /* ProfessionalViewCellModel.swift in Sources */ = {isa = PBXBuildFile; fileRef = CE79EEFB25E7C8D800E42BDC /* ProfessionalViewCellModel.swift */; };
		CE79EF0125E7CAAA00E42BDC /* ProfessionalTableViewCell.swift in Sources */ = {isa = PBXBuildFile; fileRef = CE79EF0025E7CAAA00E42BDC /* ProfessionalTableViewCell.swift */; };
		CE79EF0625E7D87000E42BDC /* SearchResult.swift in Sources */ = {isa = PBXBuildFile; fileRef = CE79EF0525E7D87000E42BDC /* SearchResult.swift */; };
		CE79EF0B25E7D98C00E42BDC /* Professionals.swift in Sources */ = {isa = PBXBuildFile; fileRef = CE79EF0A25E7D98C00E42BDC /* Professionals.swift */; };
/* End PBXBuildFile section */

/* Begin PBXContainerItemProxy section */
		CE79EE8525E513D800E42BDC /* PBXContainerItemProxy */ = {
			isa = PBXContainerItemProxy;
			containerPortal = CE79EE6625E513D500E42BDC /* Project object */;
			proxyType = 1;
			remoteGlobalIDString = CE79EE6D25E513D500E42BDC;
			remoteInfo = ProfessionalsPagesJaunes;
		};
		CE79EE9025E513D800E42BDC /* PBXContainerItemProxy */ = {
			isa = PBXContainerItemProxy;
			containerPortal = CE79EE6625E513D500E42BDC /* Project object */;
			proxyType = 1;
			remoteGlobalIDString = CE79EE6D25E513D500E42BDC;
			remoteInfo = ProfessionalsPagesJaunes;
		};
/* End PBXContainerItemProxy section */

/* Begin PBXFileReference section */
		CE01684325E7F9B0002DA533 /* Infos.swift */ = {isa = PBXFileReference; lastKnownFileType = sourcecode.swift; path = Infos.swift; sourceTree = "<group>"; };
		CE01684825E7F9D7002DA533 /* Contacts.swift */ = {isa = PBXFileReference; lastKnownFileType = sourcecode.swift; path = Contacts.swift; sourceTree = "<group>"; };
		CE01684D25E920DB002DA533 /* Token.swift */ = {isa = PBXFileReference; lastKnownFileType = sourcecode.swift; path = Token.swift; sourceTree = "<group>"; };
		CE01686125E96207002DA533 /* UITestCase.swift */ = {isa = PBXFileReference; lastKnownFileType = sourcecode.swift; path = UITestCase.swift; sourceTree = "<group>"; };
		CE01686925E96222002DA533 /* StartupConfigurable.swift */ = {isa = PBXFileReference; lastKnownFileType = sourcecode.swift; path = StartupConfigurable.swift; sourceTree = "<group>"; };
		CE01686E25E9623A002DA533 /* AppStarting.swift */ = {isa = PBXFileReference; lastKnownFileType = sourcecode.swift; path = AppStarting.swift; sourceTree = "<group>"; };
		CE01687425E96505002DA533 /* RootViewStarting.swift */ = {isa = PBXFileReference; lastKnownFileType = sourcecode.swift; path = RootViewStarting.swift; sourceTree = "<group>"; };
		CE01687C25E9659C002DA533 /* HomeScreenVerifying.swift */ = {isa = PBXFileReference; lastKnownFileType = sourcecode.swift; path = HomeScreenVerifying.swift; sourceTree = "<group>"; };
		CE01688125E965F7002DA533 /* HomeViewControllerUITest.swift */ = {isa = PBXFileReference; lastKnownFileType = sourcecode.swift; path = HomeViewControllerUITest.swift; sourceTree = "<group>"; };
		CE01688925E96BDF002DA533 /* ProfessionalDetailsViewController.swift */ = {isa = PBXFileReference; lastKnownFileType = sourcecode.swift; path = ProfessionalDetailsViewController.swift; sourceTree = "<group>"; };
		CE01688E25E99226002DA533 /* ProfessionalDetailsViewModel.swift */ = {isa = PBXFileReference; lastKnownFileType = sourcecode.swift; path = ProfessionalDetailsViewModel.swift; sourceTree = "<group>"; };
		CE01689325E9A7D9002DA533 /* ProfessionalsViewControllerTests.swift */ = {isa = PBXFileReference; lastKnownFileType = sourcecode.swift; path = ProfessionalsViewControllerTests.swift; sourceTree = "<group>"; };
		CE01689825E9A87B002DA533 /* FavoritesViewController.swift */ = {isa = PBXFileReference; lastKnownFileType = sourcecode.swift; path = FavoritesViewController.swift; sourceTree = "<group>"; };
		CE01689D25E9AB58002DA533 /* FavoriteTableViewCell.swift */ = {isa = PBXFileReference; lastKnownFileType = sourcecode.swift; path = FavoriteTableViewCell.swift; sourceTree = "<group>"; };
		CE01689E25E9AB58002DA533 /* FavoriteTableViewCell.xib */ = {isa = PBXFileReference; lastKnownFileType = file.xib; path = FavoriteTableViewCell.xib; sourceTree = "<group>"; };
		CE0168A425E9AEB3002DA533 /* FavoriteViewCellModel.swift */ = {isa = PBXFileReference; lastKnownFileType = sourcecode.swift; path = FavoriteViewCellModel.swift; sourceTree = "<group>"; };
		CE0168A925E9AF3D002DA533 /* FavoritesViewModel.swift */ = {isa = PBXFileReference; lastKnownFileType = sourcecode.swift; path = FavoritesViewModel.swift; sourceTree = "<group>"; };
		CE0168AE25EC4302002DA533 /* HomeViewInteracting.swift */ = {isa = PBXFileReference; lastKnownFileType = sourcecode.swift; path = HomeViewInteracting.swift; sourceTree = "<group>"; };
		CE0168B325EC456B002DA533 /* FavoritesViewStarting.swift */ = {isa = PBXFileReference; lastKnownFileType = sourcecode.swift; path = FavoritesViewStarting.swift; sourceTree = "<group>"; };
		CE0168B825EC45F2002DA533 /* FavoritesScreenVerifying.swift */ = {isa = PBXFileReference; lastKnownFileType = sourcecode.swift; path = FavoritesScreenVerifying.swift; sourceTree = "<group>"; };
		CE0168BD25EC4E19002DA533 /* SearchViewStarting.swift */ = {isa = PBXFileReference; lastKnownFileType = sourcecode.swift; path = SearchViewStarting.swift; sourceTree = "<group>"; };
		CE0168C225EC4F29002DA533 /* SearchScreenVerifying.swift */ = {isa = PBXFileReference; lastKnownFileType = sourcecode.swift; path = SearchScreenVerifying.swift; sourceTree = "<group>"; };
		CE0168C725EC50D6002DA533 /* SearchViewControllerUITests.swift */ = {isa = PBXFileReference; lastKnownFileType = sourcecode.swift; path = SearchViewControllerUITests.swift; sourceTree = "<group>"; };
		CE0168CC25EC5E59002DA533 /* SearchViewInteracting.swift */ = {isa = PBXFileReference; lastKnownFileType = sourcecode.swift; path = SearchViewInteracting.swift; sourceTree = "<group>"; };
		CE0168D125EC5EE8002DA533 /* DetailsViewStarting.swift */ = {isa = PBXFileReference; lastKnownFileType = sourcecode.swift; path = DetailsViewStarting.swift; sourceTree = "<group>"; };
		CE0168D625EC5F91002DA533 /* DetailsScreenVerifying.swift */ = {isa = PBXFileReference; lastKnownFileType = sourcecode.swift; path = DetailsScreenVerifying.swift; sourceTree = "<group>"; };
		CE0168DB25EC60AC002DA533 /* DetailsViewControllerUITests.swift */ = {isa = PBXFileReference; lastKnownFileType = sourcecode.swift; path = DetailsViewControllerUITests.swift; sourceTree = "<group>"; };
		CE79EE6E25E513D500E42BDC /* ProfessionalsPagesJaunes.app */ = {isa = PBXFileReference; explicitFileType = wrapper.application; includeInIndex = 0; path = ProfessionalsPagesJaunes.app; sourceTree = BUILT_PRODUCTS_DIR; };
		CE79EE7125E513D500E42BDC /* AppDelegate.swift */ = {isa = PBXFileReference; lastKnownFileType = sourcecode.swift; path = AppDelegate.swift; sourceTree = "<group>"; };
		CE79EE7825E513D500E42BDC /* Base */ = {isa = PBXFileReference; lastKnownFileType = file.storyboard; name = Base; path = Base.lproj/Main.storyboard; sourceTree = "<group>"; };
		CE79EE7A25E513D800E42BDC /* Assets.xcassets */ = {isa = PBXFileReference; lastKnownFileType = folder.assetcatalog; path = Assets.xcassets; sourceTree = "<group>"; };
		CE79EE7D25E513D800E42BDC /* Base */ = {isa = PBXFileReference; lastKnownFileType = file.storyboard; name = Base; path = Base.lproj/LaunchScreen.storyboard; sourceTree = "<group>"; };
		CE79EE7F25E513D800E42BDC /* Info.plist */ = {isa = PBXFileReference; lastKnownFileType = text.plist.xml; path = Info.plist; sourceTree = "<group>"; };
		CE79EE8425E513D800E42BDC /* ProfessionalsPagesJaunesTests.xctest */ = {isa = PBXFileReference; explicitFileType = wrapper.cfbundle; includeInIndex = 0; path = ProfessionalsPagesJaunesTests.xctest; sourceTree = BUILT_PRODUCTS_DIR; };
		CE79EE8A25E513D800E42BDC /* Info.plist */ = {isa = PBXFileReference; lastKnownFileType = text.plist.xml; path = Info.plist; sourceTree = "<group>"; };
		CE79EE8F25E513D800E42BDC /* ProfessionalsPagesJaunesUITests.xctest */ = {isa = PBXFileReference; explicitFileType = wrapper.cfbundle; includeInIndex = 0; path = ProfessionalsPagesJaunesUITests.xctest; sourceTree = BUILT_PRODUCTS_DIR; };
		CE79EE9525E513D800E42BDC /* Info.plist */ = {isa = PBXFileReference; lastKnownFileType = text.plist.xml; path = Info.plist; sourceTree = "<group>"; };
		CE79EEBB25E6B13600E42BDC /* Response.swift */ = {isa = PBXFileReference; lastKnownFileType = sourcecode.swift; path = Response.swift; sourceTree = "<group>"; };
		CE79EEC325E6B18500E42BDC /* EndpointType.swift */ = {isa = PBXFileReference; lastKnownFileType = sourcecode.swift; path = EndpointType.swift; sourceTree = "<group>"; };
		CE79EEC825E6B1A300E42BDC /* Networking.swift */ = {isa = PBXFileReference; lastKnownFileType = sourcecode.swift; path = Networking.swift; sourceTree = "<group>"; };
		CE79EECD25E6B1D600E42BDC /* AppAPI.swift */ = {isa = PBXFileReference; lastKnownFileType = sourcecode.swift; path = AppAPI.swift; sourceTree = "<group>"; };
		CE79EED225E6B44600E42BDC /* NavigationViewController.swift */ = {isa = PBXFileReference; lastKnownFileType = sourcecode.swift; path = NavigationViewController.swift; sourceTree = "<group>"; };
		CE79EED725E6C45500E42BDC /* HomeViewController.swift */ = {isa = PBXFileReference; lastKnownFileType = sourcecode.swift; path = HomeViewController.swift; sourceTree = "<group>"; };
		CE79EEE225E6CD1F00E42BDC /* NetworkLayerTests.swift */ = {isa = PBXFileReference; lastKnownFileType = sourcecode.swift; path = NetworkLayerTests.swift; sourceTree = "<group>"; };
		CE79EEE725E7C38D00E42BDC /* ProfessionalsViewController.swift */ = {isa = PBXFileReference; lastKnownFileType = sourcecode.swift; path = ProfessionalsViewController.swift; sourceTree = "<group>"; };
		CE79EEEC25E7C4A100E42BDC /* ProfessionalsTableViewModel.swift */ = {isa = PBXFileReference; lastKnownFileType = sourcecode.swift; path = ProfessionalsTableViewModel.swift; sourceTree = "<group>"; };
		CE79EEF125E7C4EA00E42BDC /* Professional.swift */ = {isa = PBXFileReference; lastKnownFileType = sourcecode.swift; path = Professional.swift; sourceTree = "<group>"; };
		CE79EEF625E7C52B00E42BDC /* ProfessionalTableViewCell.xib */ = {isa = PBXFileReference; lastKnownFileType = file.xib; path = ProfessionalTableViewCell.xib; sourceTree = "<group>"; };
		CE79EEFB25E7C8D800E42BDC /* ProfessionalViewCellModel.swift */ = {isa = PBXFileReference; lastKnownFileType = sourcecode.swift; path = ProfessionalViewCellModel.swift; sourceTree = "<group>"; };
		CE79EF0025E7CAAA00E42BDC /* ProfessionalTableViewCell.swift */ = {isa = PBXFileReference; lastKnownFileType = sourcecode.swift; path = ProfessionalTableViewCell.swift; sourceTree = "<group>"; };
		CE79EF0525E7D87000E42BDC /* SearchResult.swift */ = {isa = PBXFileReference; lastKnownFileType = sourcecode.swift; path = SearchResult.swift; sourceTree = "<group>"; };
		CE79EF0A25E7D98C00E42BDC /* Professionals.swift */ = {isa = PBXFileReference; lastKnownFileType = sourcecode.swift; path = Professionals.swift; sourceTree = "<group>"; };
/* End PBXFileReference section */

/* Begin PBXFrameworksBuildPhase section */
		CE79EE6B25E513D500E42BDC /* Frameworks */ = {
			isa = PBXFrameworksBuildPhase;
			buildActionMask = 2147483647;
			files = (
			);
			runOnlyForDeploymentPostprocessing = 0;
		};
		CE79EE8125E513D800E42BDC /* Frameworks */ = {
			isa = PBXFrameworksBuildPhase;
			buildActionMask = 2147483647;
			files = (
			);
			runOnlyForDeploymentPostprocessing = 0;
		};
		CE79EE8C25E513D800E42BDC /* Frameworks */ = {
			isa = PBXFrameworksBuildPhase;
			buildActionMask = 2147483647;
			files = (
			);
			runOnlyForDeploymentPostprocessing = 0;
		};
/* End PBXFrameworksBuildPhase section */

/* Begin PBXGroup section */
		CE01685E25E961BA002DA533 /* Interacting */ = {
			isa = PBXGroup;
			children = (
				CE0168AE25EC4302002DA533 /* HomeViewInteracting.swift */,
				CE0168CC25EC5E59002DA533 /* SearchViewInteracting.swift */,
			);
			path = Interacting;
			sourceTree = "<group>";
		};
		CE01685F25E961C8002DA533 /* Verifying */ = {
			isa = PBXGroup;
			children = (
				CE01687C25E9659C002DA533 /* HomeScreenVerifying.swift */,
				CE0168B825EC45F2002DA533 /* FavoritesScreenVerifying.swift */,
				CE0168C225EC4F29002DA533 /* SearchScreenVerifying.swift */,
				CE0168D625EC5F91002DA533 /* DetailsScreenVerifying.swift */,
			);
			path = Verifying;
			sourceTree = "<group>";
		};
		CE01686025E961CB002DA533 /* Starting */ = {
			isa = PBXGroup;
			children = (
				CE01686925E96222002DA533 /* StartupConfigurable.swift */,
				CE01686E25E9623A002DA533 /* AppStarting.swift */,
				CE01687425E96505002DA533 /* RootViewStarting.swift */,
				CE0168B325EC456B002DA533 /* FavoritesViewStarting.swift */,
				CE0168BD25EC4E19002DA533 /* SearchViewStarting.swift */,
				CE0168D125EC5EE8002DA533 /* DetailsViewStarting.swift */,
			);
			path = Starting;
			sourceTree = "<group>";
		};
		CE79EE6525E513D500E42BDC = {
			isa = PBXGroup;
			children = (
				CE79EE7025E513D500E42BDC /* ProfessionalsPagesJaunes */,
				CE79EE8725E513D800E42BDC /* ProfessionalsPagesJaunesTests */,
				CE79EE9225E513D800E42BDC /* ProfessionalsPagesJaunesUITests */,
				CE79EE6F25E513D500E42BDC /* Products */,
			);
			sourceTree = "<group>";
		};
		CE79EE6F25E513D500E42BDC /* Products */ = {
			isa = PBXGroup;
			children = (
				CE79EE6E25E513D500E42BDC /* ProfessionalsPagesJaunes.app */,
				CE79EE8425E513D800E42BDC /* ProfessionalsPagesJaunesTests.xctest */,
				CE79EE8F25E513D800E42BDC /* ProfessionalsPagesJaunesUITests.xctest */,
			);
			name = Products;
			sourceTree = "<group>";
		};
		CE79EE7025E513D500E42BDC /* ProfessionalsPagesJaunes */ = {
			isa = PBXGroup;
			children = (
				CE79EEBA25E6B08100E42BDC /* Model */,
				CE79EEB925E6B07800E42BDC /* ViewModel */,
				CE79EEB825E6B07100E42BDC /* View */,
				CE79EEB725E6B06700E42BDC /* Controller */,
				CE79EEB625E6B05A00E42BDC /* Networking */,
				CE79EE7125E513D500E42BDC /* AppDelegate.swift */,
				CE79EE7725E513D500E42BDC /* Main.storyboard */,
				CE79EE7A25E513D800E42BDC /* Assets.xcassets */,
				CE79EE7C25E513D800E42BDC /* LaunchScreen.storyboard */,
				CE79EE7F25E513D800E42BDC /* Info.plist */,
			);
			path = ProfessionalsPagesJaunes;
			sourceTree = "<group>";
		};
		CE79EE8725E513D800E42BDC /* ProfessionalsPagesJaunesTests */ = {
			isa = PBXGroup;
			children = (
				CE79EE8A25E513D800E42BDC /* Info.plist */,
				CE79EEE225E6CD1F00E42BDC /* NetworkLayerTests.swift */,
				CE01689325E9A7D9002DA533 /* ProfessionalsViewControllerTests.swift */,
			);
			path = ProfessionalsPagesJaunesTests;
			sourceTree = "<group>";
		};
		CE79EE9225E513D800E42BDC /* ProfessionalsPagesJaunesUITests */ = {
			isa = PBXGroup;
			children = (
				CE01686025E961CB002DA533 /* Starting */,
				CE01685F25E961C8002DA533 /* Verifying */,
				CE01685E25E961BA002DA533 /* Interacting */,
				CE79EE9525E513D800E42BDC /* Info.plist */,
				CE01686125E96207002DA533 /* UITestCase.swift */,
				CE01688125E965F7002DA533 /* HomeViewControllerUITest.swift */,
				CE0168C725EC50D6002DA533 /* SearchViewControllerUITests.swift */,
				CE0168DB25EC60AC002DA533 /* DetailsViewControllerUITests.swift */,
			);
			path = ProfessionalsPagesJaunesUITests;
			sourceTree = "<group>";
		};
		CE79EEB625E6B05A00E42BDC /* Networking */ = {
			isa = PBXGroup;
			children = (
				CE79EEC325E6B18500E42BDC /* EndpointType.swift */,
				CE79EEC825E6B1A300E42BDC /* Networking.swift */,
				CE79EECD25E6B1D600E42BDC /* AppAPI.swift */,
			);
			path = Networking;
			sourceTree = "<group>";
		};
		CE79EEB725E6B06700E42BDC /* Controller */ = {
			isa = PBXGroup;
			children = (
				CE79EED225E6B44600E42BDC /* NavigationViewController.swift */,
				CE79EED725E6C45500E42BDC /* HomeViewController.swift */,
				CE79EEE725E7C38D00E42BDC /* ProfessionalsViewController.swift */,
				CE01688925E96BDF002DA533 /* ProfessionalDetailsViewController.swift */,
				CE01689825E9A87B002DA533 /* FavoritesViewController.swift */,
			);
			path = Controller;
			sourceTree = "<group>";
		};
		CE79EEB825E6B07100E42BDC /* View */ = {
			isa = PBXGroup;
			children = (
				CE79EEF625E7C52B00E42BDC /* ProfessionalTableViewCell.xib */,
				CE79EF0025E7CAAA00E42BDC /* ProfessionalTableViewCell.swift */,
				CE01689D25E9AB58002DA533 /* FavoriteTableViewCell.swift */,
				CE01689E25E9AB58002DA533 /* FavoriteTableViewCell.xib */,
			);
			path = View;
			sourceTree = "<group>";
		};
		CE79EEB925E6B07800E42BDC /* ViewModel */ = {
			isa = PBXGroup;
			children = (
				CE79EEEC25E7C4A100E42BDC /* ProfessionalsTableViewModel.swift */,
				CE79EEFB25E7C8D800E42BDC /* ProfessionalViewCellModel.swift */,
				CE01688E25E99226002DA533 /* ProfessionalDetailsViewModel.swift */,
				CE0168A425E9AEB3002DA533 /* FavoriteViewCellModel.swift */,
				CE0168A925E9AF3D002DA533 /* FavoritesViewModel.swift */,
			);
			path = ViewModel;
			sourceTree = "<group>";
		};
		CE79EEBA25E6B08100E42BDC /* Model */ = {
			isa = PBXGroup;
			children = (
				CE79EEBB25E6B13600E42BDC /* Response.swift */,
				CE79EEF125E7C4EA00E42BDC /* Professional.swift */,
				CE79EF0525E7D87000E42BDC /* SearchResult.swift */,
				CE79EF0A25E7D98C00E42BDC /* Professionals.swift */,
				CE01684325E7F9B0002DA533 /* Infos.swift */,
				CE01684825E7F9D7002DA533 /* Contacts.swift */,
				CE01684D25E920DB002DA533 /* Token.swift */,
			);
			path = Model;
			sourceTree = "<group>";
		};
/* End PBXGroup section */

/* Begin PBXNativeTarget section */
		CE79EE6D25E513D500E42BDC /* ProfessionalsPagesJaunes */ = {
			isa = PBXNativeTarget;
			buildConfigurationList = CE79EE9825E513D800E42BDC /* Build configuration list for PBXNativeTarget "ProfessionalsPagesJaunes" */;
			buildPhases = (
				CE79EE6A25E513D500E42BDC /* Sources */,
				CE79EE6B25E513D500E42BDC /* Frameworks */,
				CE79EE6C25E513D500E42BDC /* Resources */,
			);
			buildRules = (
			);
			dependencies = (
			);
			name = ProfessionalsPagesJaunes;
			productName = ProfessionalsPagesJaunes;
			productReference = CE79EE6E25E513D500E42BDC /* ProfessionalsPagesJaunes.app */;
			productType = "com.apple.product-type.application";
		};
		CE79EE8325E513D800E42BDC /* ProfessionalsPagesJaunesTests */ = {
			isa = PBXNativeTarget;
			buildConfigurationList = CE79EE9B25E513D800E42BDC /* Build configuration list for PBXNativeTarget "ProfessionalsPagesJaunesTests" */;
			buildPhases = (
				CE79EE8025E513D800E42BDC /* Sources */,
				CE79EE8125E513D800E42BDC /* Frameworks */,
				CE79EE8225E513D800E42BDC /* Resources */,
			);
			buildRules = (
			);
			dependencies = (
				CE79EE8625E513D800E42BDC /* PBXTargetDependency */,
			);
			name = ProfessionalsPagesJaunesTests;
			productName = ProfessionalsPagesJaunesTests;
			productReference = CE79EE8425E513D800E42BDC /* ProfessionalsPagesJaunesTests.xctest */;
			productType = "com.apple.product-type.bundle.unit-test";
		};
		CE79EE8E25E513D800E42BDC /* ProfessionalsPagesJaunesUITests */ = {
			isa = PBXNativeTarget;
			buildConfigurationList = CE79EE9E25E513D800E42BDC /* Build configuration list for PBXNativeTarget "ProfessionalsPagesJaunesUITests" */;
			buildPhases = (
				CE79EE8B25E513D800E42BDC /* Sources */,
				CE79EE8C25E513D800E42BDC /* Frameworks */,
				CE79EE8D25E513D800E42BDC /* Resources */,
			);
			buildRules = (
			);
			dependencies = (
				CE79EE9125E513D800E42BDC /* PBXTargetDependency */,
			);
			name = ProfessionalsPagesJaunesUITests;
			productName = ProfessionalsPagesJaunesUITests;
			productReference = CE79EE8F25E513D800E42BDC /* ProfessionalsPagesJaunesUITests.xctest */;
			productType = "com.apple.product-type.bundle.ui-testing";
		};
/* End PBXNativeTarget section */

/* Begin PBXProject section */
		CE79EE6625E513D500E42BDC /* Project object */ = {
			isa = PBXProject;
			attributes = {
				LastSwiftUpdateCheck = 1200;
				LastUpgradeCheck = 1200;
				TargetAttributes = {
					CE79EE6D25E513D500E42BDC = {
						CreatedOnToolsVersion = 12.0.1;
					};
					CE79EE8325E513D800E42BDC = {
						CreatedOnToolsVersion = 12.0.1;
						LastSwiftMigration = 1200;
						TestTargetID = CE79EE6D25E513D500E42BDC;
					};
					CE79EE8E25E513D800E42BDC = {
						CreatedOnToolsVersion = 12.0.1;
						LastSwiftMigration = 1200;
						TestTargetID = CE79EE6D25E513D500E42BDC;
					};
				};
			};
			buildConfigurationList = CE79EE6925E513D500E42BDC /* Build configuration list for PBXProject "ProfessionalsPagesJaunes" */;
			compatibilityVersion = "Xcode 9.3";
			developmentRegion = en;
			hasScannedForEncodings = 0;
			knownRegions = (
				en,
				Base,
			);
			mainGroup = CE79EE6525E513D500E42BDC;
			productRefGroup = CE79EE6F25E513D500E42BDC /* Products */;
			projectDirPath = "";
			projectRoot = "";
			targets = (
				CE79EE6D25E513D500E42BDC /* ProfessionalsPagesJaunes */,
				CE79EE8325E513D800E42BDC /* ProfessionalsPagesJaunesTests */,
				CE79EE8E25E513D800E42BDC /* ProfessionalsPagesJaunesUITests */,
			);
		};
/* End PBXProject section */

/* Begin PBXResourcesBuildPhase section */
		CE79EE6C25E513D500E42BDC /* Resources */ = {
			isa = PBXResourcesBuildPhase;
			buildActionMask = 2147483647;
			files = (
				CE79EE7E25E513D800E42BDC /* LaunchScreen.storyboard in Resources */,
				CE79EE7B25E513D800E42BDC /* Assets.xcassets in Resources */,
				CE0168A025E9AB58002DA533 /* FavoriteTableViewCell.xib in Resources */,
				CE79EEF725E7C52B00E42BDC /* ProfessionalTableViewCell.xib in Resources */,
				CE79EE7925E513D500E42BDC /* Main.storyboard in Resources */,
			);
			runOnlyForDeploymentPostprocessing = 0;
		};
		CE79EE8225E513D800E42BDC /* Resources */ = {
			isa = PBXResourcesBuildPhase;
			buildActionMask = 2147483647;
			files = (
			);
			runOnlyForDeploymentPostprocessing = 0;
		};
		CE79EE8D25E513D800E42BDC /* Resources */ = {
			isa = PBXResourcesBuildPhase;
			buildActionMask = 2147483647;
			files = (
			);
			runOnlyForDeploymentPostprocessing = 0;
		};
/* End PBXResourcesBuildPhase section */

/* Begin PBXSourcesBuildPhase section */
		CE79EE6A25E513D500E42BDC /* Sources */ = {
			isa = PBXSourcesBuildPhase;
			buildActionMask = 2147483647;
			files = (
				CE79EEED25E7C4A100E42BDC /* ProfessionalsTableViewModel.swift in Sources */,
				CE79EEF225E7C4EA00E42BDC /* Professional.swift in Sources */,
				CE79EED325E6B44600E42BDC /* NavigationViewController.swift in Sources */,
				CE79EECE25E6B1D600E42BDC /* AppAPI.swift in Sources */,
				CE01688A25E96BDF002DA533 /* ProfessionalDetailsViewController.swift in Sources */,
				CE79EF0B25E7D98C00E42BDC /* Professionals.swift in Sources */,
				CE01684425E7F9B0002DA533 /* Infos.swift in Sources */,
				CE79EEBC25E6B13600E42BDC /* Response.swift in Sources */,
				CE79EF0125E7CAAA00E42BDC /* ProfessionalTableViewCell.swift in Sources */,
				CE01684E25E920DB002DA533 /* Token.swift in Sources */,
				CE79EE7225E513D500E42BDC /* AppDelegate.swift in Sources */,
				CE01684925E7F9D7002DA533 /* Contacts.swift in Sources */,
				CE79EF0625E7D87000E42BDC /* SearchResult.swift in Sources */,
				CE01688F25E99226002DA533 /* ProfessionalDetailsViewModel.swift in Sources */,
				CE0168A525E9AEB3002DA533 /* FavoriteViewCellModel.swift in Sources */,
				CE79EEC425E6B18500E42BDC /* EndpointType.swift in Sources */,
				CE79EEE825E7C38D00E42BDC /* ProfessionalsViewController.swift in Sources */,
				CE79EED825E6C45600E42BDC /* HomeViewController.swift in Sources */,
				CE79EEC925E6B1A300E42BDC /* Networking.swift in Sources */,
				CE01689925E9A87B002DA533 /* FavoritesViewController.swift in Sources */,
				CE0168AA25E9AF3D002DA533 /* FavoritesViewModel.swift in Sources */,
				CE01689F25E9AB58002DA533 /* FavoriteTableViewCell.swift in Sources */,
				CE79EEFC25E7C8D800E42BDC /* ProfessionalViewCellModel.swift in Sources */,
			);
			runOnlyForDeploymentPostprocessing = 0;
		};
		CE79EE8025E513D800E42BDC /* Sources */ = {
			isa = PBXSourcesBuildPhase;
			buildActionMask = 2147483647;
			files = (
				CE79EEE325E6CD1F00E42BDC /* NetworkLayerTests.swift in Sources */,
				CE01689425E9A7D9002DA533 /* ProfessionalsViewControllerTests.swift in Sources */,
			);
			runOnlyForDeploymentPostprocessing = 0;
		};
		CE79EE8B25E513D800E42BDC /* Sources */ = {
			isa = PBXSourcesBuildPhase;
			buildActionMask = 2147483647;
			files = (
				CE0168C325EC4F29002DA533 /* SearchScreenVerifying.swift in Sources */,
				CE0168B425EC456B002DA533 /* FavoritesViewStarting.swift in Sources */,
				CE01687D25E9659C002DA533 /* HomeScreenVerifying.swift in Sources */,
				CE0168AF25EC4302002DA533 /* HomeViewInteracting.swift in Sources */,
				CE01687525E96505002DA533 /* RootViewStarting.swift in Sources */,
				CE0168CD25EC5E59002DA533 /* SearchViewInteracting.swift in Sources */,
				CE01686A25E96222002DA533 /* StartupConfigurable.swift in Sources */,
				CE01688225E965F7002DA533 /* HomeViewControllerUITest.swift in Sources */,
				CE0168BE25EC4E19002DA533 /* SearchViewStarting.swift in Sources */,
				CE01686225E96207002DA533 /* UITestCase.swift in Sources */,
				CE01686F25E9623A002DA533 /* AppStarting.swift in Sources */,
				CE0168D225EC5EE8002DA533 /* DetailsViewStarting.swift in Sources */,
				CE0168D725EC5F91002DA533 /* DetailsScreenVerifying.swift in Sources */,
				CE0168C825EC50D6002DA533 /* SearchViewControllerUITests.swift in Sources */,
				CE0168B925EC45F2002DA533 /* FavoritesScreenVerifying.swift in Sources */,
				CE0168DC25EC60AC002DA533 /* DetailsViewControllerUITests.swift in Sources */,
			);
			runOnlyForDeploymentPostprocessing = 0;
		};
/* End PBXSourcesBuildPhase section */

/* Begin PBXTargetDependency section */
		CE79EE8625E513D800E42BDC /* PBXTargetDependency */ = {
			isa = PBXTargetDependency;
			target = CE79EE6D25E513D500E42BDC /* ProfessionalsPagesJaunes */;
			targetProxy = CE79EE8525E513D800E42BDC /* PBXContainerItemProxy */;
		};
		CE79EE9125E513D800E42BDC /* PBXTargetDependency */ = {
			isa = PBXTargetDependency;
			target = CE79EE6D25E513D500E42BDC /* ProfessionalsPagesJaunes */;
			targetProxy = CE79EE9025E513D800E42BDC /* PBXContainerItemProxy */;
		};
/* End PBXTargetDependency section */

/* Begin PBXVariantGroup section */
		CE79EE7725E513D500E42BDC /* Main.storyboard */ = {
			isa = PBXVariantGroup;
			children = (
				CE79EE7825E513D500E42BDC /* Base */,
			);
			name = Main.storyboard;
			sourceTree = "<group>";
		};
		CE79EE7C25E513D800E42BDC /* LaunchScreen.storyboard */ = {
			isa = PBXVariantGroup;
			children = (
				CE79EE7D25E513D800E42BDC /* Base */,
			);
			name = LaunchScreen.storyboard;
			sourceTree = "<group>";
		};
/* End PBXVariantGroup section */

/* Begin XCBuildConfiguration section */
		CE79EE9625E513D800E42BDC /* Debug */ = {
			isa = XCBuildConfiguration;
			buildSettings = {
				ALWAYS_SEARCH_USER_PATHS = NO;
				CLANG_ANALYZER_NONNULL = YES;
				CLANG_ANALYZER_NUMBER_OBJECT_CONVERSION = YES_AGGRESSIVE;
				CLANG_CXX_LANGUAGE_STANDARD = "gnu++14";
				CLANG_CXX_LIBRARY = "libc++";
				CLANG_ENABLE_MODULES = YES;
				CLANG_ENABLE_OBJC_ARC = YES;
				CLANG_ENABLE_OBJC_WEAK = YES;
				CLANG_WARN_BLOCK_CAPTURE_AUTORELEASING = YES;
				CLANG_WARN_BOOL_CONVERSION = YES;
				CLANG_WARN_COMMA = YES;
				CLANG_WARN_CONSTANT_CONVERSION = YES;
				CLANG_WARN_DEPRECATED_OBJC_IMPLEMENTATIONS = YES;
				CLANG_WARN_DIRECT_OBJC_ISA_USAGE = YES_ERROR;
				CLANG_WARN_DOCUMENTATION_COMMENTS = YES;
				CLANG_WARN_EMPTY_BODY = YES;
				CLANG_WARN_ENUM_CONVERSION = YES;
				CLANG_WARN_INFINITE_RECURSION = YES;
				CLANG_WARN_INT_CONVERSION = YES;
				CLANG_WARN_NON_LITERAL_NULL_CONVERSION = YES;
				CLANG_WARN_OBJC_IMPLICIT_RETAIN_SELF = YES;
				CLANG_WARN_OBJC_LITERAL_CONVERSION = YES;
				CLANG_WARN_OBJC_ROOT_CLASS = YES_ERROR;
				CLANG_WARN_QUOTED_INCLUDE_IN_FRAMEWORK_HEADER = YES;
				CLANG_WARN_RANGE_LOOP_ANALYSIS = YES;
				CLANG_WARN_STRICT_PROTOTYPES = YES;
				CLANG_WARN_SUSPICIOUS_MOVE = YES;
				CLANG_WARN_UNGUARDED_AVAILABILITY = YES_AGGRESSIVE;
				CLANG_WARN_UNREACHABLE_CODE = YES;
				CLANG_WARN__DUPLICATE_METHOD_MATCH = YES;
				COPY_PHASE_STRIP = NO;
				DEBUG_INFORMATION_FORMAT = dwarf;
				ENABLE_STRICT_OBJC_MSGSEND = YES;
				ENABLE_TESTABILITY = YES;
				GCC_C_LANGUAGE_STANDARD = gnu11;
				GCC_DYNAMIC_NO_PIC = NO;
				GCC_NO_COMMON_BLOCKS = YES;
				GCC_OPTIMIZATION_LEVEL = 0;
				GCC_PREPROCESSOR_DEFINITIONS = (
					"DEBUG=1",
					"$(inherited)",
				);
				GCC_WARN_64_TO_32_BIT_CONVERSION = YES;
				GCC_WARN_ABOUT_RETURN_TYPE = YES_ERROR;
				GCC_WARN_UNDECLARED_SELECTOR = YES;
				GCC_WARN_UNINITIALIZED_AUTOS = YES_AGGRESSIVE;
				GCC_WARN_UNUSED_FUNCTION = YES;
				GCC_WARN_UNUSED_VARIABLE = YES;
				IPHONEOS_DEPLOYMENT_TARGET = 12.0;
				MTL_ENABLE_DEBUG_INFO = INCLUDE_SOURCE;
				MTL_FAST_MATH = YES;
				ONLY_ACTIVE_ARCH = YES;
				SDKROOT = iphoneos;
				SWIFT_ACTIVE_COMPILATION_CONDITIONS = DEBUG;
				SWIFT_OPTIMIZATION_LEVEL = "-Onone";
			};
			name = Debug;
		};
		CE79EE9725E513D800E42BDC /* Release */ = {
			isa = XCBuildConfiguration;
			buildSettings = {
				ALWAYS_SEARCH_USER_PATHS = NO;
				CLANG_ANALYZER_NONNULL = YES;
				CLANG_ANALYZER_NUMBER_OBJECT_CONVERSION = YES_AGGRESSIVE;
				CLANG_CXX_LANGUAGE_STANDARD = "gnu++14";
				CLANG_CXX_LIBRARY = "libc++";
				CLANG_ENABLE_MODULES = YES;
				CLANG_ENABLE_OBJC_ARC = YES;
				CLANG_ENABLE_OBJC_WEAK = YES;
				CLANG_WARN_BLOCK_CAPTURE_AUTORELEASING = YES;
				CLANG_WARN_BOOL_CONVERSION = YES;
				CLANG_WARN_COMMA = YES;
				CLANG_WARN_CONSTANT_CONVERSION = YES;
				CLANG_WARN_DEPRECATED_OBJC_IMPLEMENTATIONS = YES;
				CLANG_WARN_DIRECT_OBJC_ISA_USAGE = YES_ERROR;
				CLANG_WARN_DOCUMENTATION_COMMENTS = YES;
				CLANG_WARN_EMPTY_BODY = YES;
				CLANG_WARN_ENUM_CONVERSION = YES;
				CLANG_WARN_INFINITE_RECURSION = YES;
				CLANG_WARN_INT_CONVERSION = YES;
				CLANG_WARN_NON_LITERAL_NULL_CONVERSION = YES;
				CLANG_WARN_OBJC_IMPLICIT_RETAIN_SELF = YES;
				CLANG_WARN_OBJC_LITERAL_CONVERSION = YES;
				CLANG_WARN_OBJC_ROOT_CLASS = YES_ERROR;
				CLANG_WARN_QUOTED_INCLUDE_IN_FRAMEWORK_HEADER = YES;
				CLANG_WARN_RANGE_LOOP_ANALYSIS = YES;
				CLANG_WARN_STRICT_PROTOTYPES = YES;
				CLANG_WARN_SUSPICIOUS_MOVE = YES;
				CLANG_WARN_UNGUARDED_AVAILABILITY = YES_AGGRESSIVE;
				CLANG_WARN_UNREACHABLE_CODE = YES;
				CLANG_WARN__DUPLICATE_METHOD_MATCH = YES;
				COPY_PHASE_STRIP = NO;
				DEBUG_INFORMATION_FORMAT = "dwarf-with-dsym";
				ENABLE_NS_ASSERTIONS = NO;
				ENABLE_STRICT_OBJC_MSGSEND = YES;
				GCC_C_LANGUAGE_STANDARD = gnu11;
				GCC_NO_COMMON_BLOCKS = YES;
				GCC_WARN_64_TO_32_BIT_CONVERSION = YES;
				GCC_WARN_ABOUT_RETURN_TYPE = YES_ERROR;
				GCC_WARN_UNDECLARED_SELECTOR = YES;
				GCC_WARN_UNINITIALIZED_AUTOS = YES_AGGRESSIVE;
				GCC_WARN_UNUSED_FUNCTION = YES;
				GCC_WARN_UNUSED_VARIABLE = YES;
				IPHONEOS_DEPLOYMENT_TARGET = 12.0;
				MTL_ENABLE_DEBUG_INFO = NO;
				MTL_FAST_MATH = YES;
				SDKROOT = iphoneos;
				SWIFT_COMPILATION_MODE = wholemodule;
				SWIFT_OPTIMIZATION_LEVEL = "-O";
				VALIDATE_PRODUCT = YES;
			};
			name = Release;
		};
		CE79EE9925E513D800E42BDC /* Debug */ = {
			isa = XCBuildConfiguration;
			buildSettings = {
				ASSETCATALOG_COMPILER_APPICON_NAME = AppIcon;
				ASSETCATALOG_COMPILER_GLOBAL_ACCENT_COLOR_NAME = AccentColor;
				CODE_SIGN_STYLE = Automatic;
				DEVELOPMENT_TEAM = HPH5Z38NV2;
				INFOPLIST_FILE = ProfessionalsPagesJaunes/Info.plist;
				LD_RUNPATH_SEARCH_PATHS = (
					"$(inherited)",
					"@executable_path/Frameworks",
				);
				PRODUCT_BUNDLE_IDENTIFIER = com.fm.ProfessionalsPagesJaunes.ProfessionalsPagesJaunes;
				PRODUCT_NAME = "$(TARGET_NAME)";
				SWIFT_VERSION = 5.0;
				TARGETED_DEVICE_FAMILY = "1,2";
			};
			name = Debug;
		};
		CE79EE9A25E513D800E42BDC /* Release */ = {
			isa = XCBuildConfiguration;
			buildSettings = {
				ASSETCATALOG_COMPILER_APPICON_NAME = AppIcon;
				ASSETCATALOG_COMPILER_GLOBAL_ACCENT_COLOR_NAME = AccentColor;
				CODE_SIGN_STYLE = Automatic;
				DEVELOPMENT_TEAM = HPH5Z38NV2;
				INFOPLIST_FILE = ProfessionalsPagesJaunes/Info.plist;
				LD_RUNPATH_SEARCH_PATHS = (
					"$(inherited)",
					"@executable_path/Frameworks",
				);
				PRODUCT_BUNDLE_IDENTIFIER = com.fm.ProfessionalsPagesJaunes.ProfessionalsPagesJaunes;
				PRODUCT_NAME = "$(TARGET_NAME)";
				SWIFT_VERSION = 5.0;
				TARGETED_DEVICE_FAMILY = "1,2";
			};
			name = Release;
		};
		CE79EE9C25E513D800E42BDC /* Debug */ = {
			isa = XCBuildConfiguration;
			buildSettings = {
				ALWAYS_EMBED_SWIFT_STANDARD_LIBRARIES = YES;
				BUNDLE_LOADER = "$(TEST_HOST)";
				CLANG_ENABLE_MODULES = YES;
				CODE_SIGN_STYLE = Automatic;
				DEVELOPMENT_TEAM = HPH5Z38NV2;
				INFOPLIST_FILE = ProfessionalsPagesJaunesTests/Info.plist;
				IPHONEOS_DEPLOYMENT_TARGET = 12.0;
				LD_RUNPATH_SEARCH_PATHS = (
					"$(inherited)",
					"@executable_path/Frameworks",
					"@loader_path/Frameworks",
				);
				PRODUCT_BUNDLE_IDENTIFIER = com.fm.ProfessionalsPagesJaunes.ProfessionalsPagesJaunesTests;
				PRODUCT_NAME = "$(TARGET_NAME)";
				SWIFT_OPTIMIZATION_LEVEL = "-Onone";
				SWIFT_VERSION = 5.0;
				TARGETED_DEVICE_FAMILY = "1,2";
				TEST_HOST = "$(BUILT_PRODUCTS_DIR)/ProfessionalsPagesJaunes.app/ProfessionalsPagesJaunes";
			};
			name = Debug;
		};
		CE79EE9D25E513D800E42BDC /* Release */ = {
			isa = XCBuildConfiguration;
			buildSettings = {
				ALWAYS_EMBED_SWIFT_STANDARD_LIBRARIES = YES;
				BUNDLE_LOADER = "$(TEST_HOST)";
				CLANG_ENABLE_MODULES = YES;
				CODE_SIGN_STYLE = Automatic;
				DEVELOPMENT_TEAM = HPH5Z38NV2;
				INFOPLIST_FILE = ProfessionalsPagesJaunesTests/Info.plist;
				IPHONEOS_DEPLOYMENT_TARGET = 12.0;
				LD_RUNPATH_SEARCH_PATHS = (
					"$(inherited)",
					"@executable_path/Frameworks",
					"@loader_path/Frameworks",
				);
				PRODUCT_BUNDLE_IDENTIFIER = com.fm.ProfessionalsPagesJaunes.ProfessionalsPagesJaunesTests;
				PRODUCT_NAME = "$(TARGET_NAME)";
				SWIFT_VERSION = 5.0;
				TARGETED_DEVICE_FAMILY = "1,2";
				TEST_HOST = "$(BUILT_PRODUCTS_DIR)/ProfessionalsPagesJaunes.app/ProfessionalsPagesJaunes";
			};
			name = Release;
		};
		CE79EE9F25E513D800E42BDC /* Debug */ = {
			isa = XCBuildConfiguration;
			buildSettings = {
				ALWAYS_EMBED_SWIFT_STANDARD_LIBRARIES = YES;
				CLANG_ENABLE_MODULES = YES;
				CODE_SIGN_STYLE = Automatic;
				DEVELOPMENT_TEAM = HPH5Z38NV2;
				INFOPLIST_FILE = ProfessionalsPagesJaunesUITests/Info.plist;
				LD_RUNPATH_SEARCH_PATHS = (
					"$(inherited)",
					"@executable_path/Frameworks",
					"@loader_path/Frameworks",
				);
				PRODUCT_BUNDLE_IDENTIFIER = com.fm.ProfessionalsPagesJaunes.ProfessionalsPagesJaunesUITests;
				PRODUCT_NAME = "$(TARGET_NAME)";
				SWIFT_OPTIMIZATION_LEVEL = "-Onone";
				SWIFT_VERSION = 5.0;
				TARGETED_DEVICE_FAMILY = "1,2";
				TEST_TARGET_NAME = ProfessionalsPagesJaunes;
			};
			name = Debug;
		};
		CE79EEA025E513D800E42BDC /* Release */ = {
			isa = XCBuildConfiguration;
			buildSettings = {
				ALWAYS_EMBED_SWIFT_STANDARD_LIBRARIES = YES;
				CLANG_ENABLE_MODULES = YES;
				CODE_SIGN_STYLE = Automatic;
				DEVELOPMENT_TEAM = HPH5Z38NV2;
				INFOPLIST_FILE = ProfessionalsPagesJaunesUITests/Info.plist;
				LD_RUNPATH_SEARCH_PATHS = (
					"$(inherited)",
					"@executable_path/Frameworks",
					"@loader_path/Frameworks",
				);
				PRODUCT_BUNDLE_IDENTIFIER = com.fm.ProfessionalsPagesJaunes.ProfessionalsPagesJaunesUITests;
				PRODUCT_NAME = "$(TARGET_NAME)";
				SWIFT_VERSION = 5.0;
				TARGETED_DEVICE_FAMILY = "1,2";
				TEST_TARGET_NAME = ProfessionalsPagesJaunes;
			};
			name = Release;
		};
/* End XCBuildConfiguration section */

/* Begin XCConfigurationList section */
		CE79EE6925E513D500E42BDC /* Build configuration list for PBXProject "ProfessionalsPagesJaunes" */ = {
			isa = XCConfigurationList;
			buildConfigurations = (
				CE79EE9625E513D800E42BDC /* Debug */,
				CE79EE9725E513D800E42BDC /* Release */,
			);
			defaultConfigurationIsVisible = 0;
			defaultConfigurationName = Release;
		};
		CE79EE9825E513D800E42BDC /* Build configuration list for PBXNativeTarget "ProfessionalsPagesJaunes" */ = {
			isa = XCConfigurationList;
			buildConfigurations = (
				CE79EE9925E513D800E42BDC /* Debug */,
				CE79EE9A25E513D800E42BDC /* Release */,
			);
			defaultConfigurationIsVisible = 0;
			defaultConfigurationName = Release;
		};
		CE79EE9B25E513D800E42BDC /* Build configuration list for PBXNativeTarget "ProfessionalsPagesJaunesTests" */ = {
			isa = XCConfigurationList;
			buildConfigurations = (
				CE79EE9C25E513D800E42BDC /* Debug */,
				CE79EE9D25E513D800E42BDC /* Release */,
			);
			defaultConfigurationIsVisible = 0;
			defaultConfigurationName = Release;
		};
		CE79EE9E25E513D800E42BDC /* Build configuration list for PBXNativeTarget "ProfessionalsPagesJaunesUITests" */ = {
			isa = XCConfigurationList;
			buildConfigurations = (
				CE79EE9F25E513D800E42BDC /* Debug */,
				CE79EEA025E513D800E42BDC /* Release */,
			);
			defaultConfigurationIsVisible = 0;
			defaultConfigurationName = Release;
		};
/* End XCConfigurationList section */
	};
	rootObject = CE79EE6625E513D500E42BDC /* Project object */;
}
